
Microsoft Visual Studio Solution File, Format Version 12.00
# Visual Studio Version 16
VisualStudioVersion = 16.0.28917.182
MinimumVisualStudioVersion = 10.0.40219.1
Project("{FAE04EC0-301F-11D3-BF4B-00C04F79EFBC}") = "fabiostefani.io.MapaCatalog", "fabiostefani.io.MapaCatalog.csproj", "{940832A8-78DA-4736-A656-814B1A335CB7}"
EndProject
Global
	GlobalSection(SolutionConfigurationPlatforms) = preSolution
		Debug|Any CPU = Debug|Any CPU
		Release|Any CPU = Release|Any CPU
	EndGlobalSection
	GlobalSection(ProjectConfigurationPlatforms) = postSolution
		{940832A8-78DA-4736-A656-814B1A335CB7}.Debug|Any CPU.ActiveCfg = Debug|Any CPU
		{940832A8-78DA-4736-A656-814B1A335CB7}.Debug|Any CPU.Build.0 = Debug|Any CPU
		{940832A8-78DA-4736-A656-814B1A335CB7}.Release|Any CPU.ActiveCfg = Release|Any CPU
		{940832A8-78DA-4736-A656-814B1A335CB7}.Release|Any CPU.Build.0 = Release|Any CPU
	EndGlobalSection
	GlobalSection(SolutionProperties) = preSolution
		HideSolutionNode = FALSE
	EndGlobalSection
	GlobalSection(ExtensibilityGlobals) = postSolution
		SolutionGuid = {B6A20AE8-3CEE-483B-B2D2-8428C535B92A}
	EndGlobalSection
EndGlobal
